// !$*UTF8*$!
{
	archiveVersion = 1;
	classes = {
	};
	objectVersion = 46;
	objects = {

/* Begin PBXBuildFile section */
		2855FBA11CD94F53002BB9C2 /* MobilitySimulation.cpp in Sources */ = {isa = PBXBuildFile; fileRef = 2855FB9F1CD94F53002BB9C2 /* MobilitySimulation.cpp */; };
		287930881CDBCDCE00384D31 /* SimulatedCentralController.cpp in Sources */ = {isa = PBXBuildFile; fileRef = 287930861CDBCDCE00384D31 /* SimulatedCentralController.cpp */; };
		2879308B1CDBCDE900384D31 /* SimulatedClient.cpp in Sources */ = {isa = PBXBuildFile; fileRef = 287930891CDBCDE900384D31 /* SimulatedClient.cpp */; };
		2879308E1CDBCDFC00384D31 /* SimulatedEdgeCloud.cpp in Sources */ = {isa = PBXBuildFile; fileRef = 2879308C1CDBCDFC00384D31 /* SimulatedEdgeCloud.cpp */; };
		287930931CDE7C9000384D31 /* MobilitySimulator.cpp in Sources */ = {isa = PBXBuildFile; fileRef = 287930911CDE7C9000384D31 /* MobilitySimulator.cpp */; };
		28D6F03F1CB445F4009EEE42 /* main.cpp in Sources */ = {isa = PBXBuildFile; fileRef = 28D6F03E1CB445F4009EEE42 /* main.cpp */; };
		28D6F0471CB44613009EEE42 /* MarkovAction.cpp in Sources */ = {isa = PBXBuildFile; fileRef = 28D6F0451CB44613009EEE42 /* MarkovAction.cpp */; };
		28D6F04A1CB4464B009EEE42 /* MarkovState.cpp in Sources */ = {isa = PBXBuildFile; fileRef = 28D6F0481CB4464B009EEE42 /* MarkovState.cpp */; };
		28D6F04D1CB446AA009EEE42 /* MarkovProcess.cpp in Sources */ = {isa = PBXBuildFile; fileRef = 28D6F04B1CB446AA009EEE42 /* MarkovProcess.cpp */; };
		28D6F0501CB44724009EEE42 /* ValueIteration.cpp in Sources */ = {isa = PBXBuildFile; fileRef = 28D6F04E1CB44724009EEE42 /* ValueIteration.cpp */; };
/* End PBXBuildFile section */

/* Begin PBXCopyFilesBuildPhase section */
		28D6F0391CB445F4009EEE42 /* CopyFiles */ = {
			isa = PBXCopyFilesBuildPhase;
			buildActionMask = 2147483647;
			dstPath = /usr/share/man/man1/;
			dstSubfolderSpec = 0;
			files = (
			);
			runOnlyForDeploymentPostprocessing = 1;
		};
/* End PBXCopyFilesBuildPhase section */

/* Begin PBXFileReference section */
		2855FB9F1CD94F53002BB9C2 /* MobilitySimulation.cpp */ = {isa = PBXFileReference; fileEncoding = 4; lastKnownFileType = sourcecode.cpp.cpp; lineEnding = 0; path = MobilitySimulation.cpp; sourceTree = "<group>"; };
		2855FBA01CD94F53002BB9C2 /* MobilitySimulation.hpp */ = {isa = PBXFileReference; fileEncoding = 4; lastKnownFileType = sourcecode.cpp.h; path = MobilitySimulation.hpp; sourceTree = "<group>"; };
		287930861CDBCDCE00384D31 /* SimulatedCentralController.cpp */ = {isa = PBXFileReference; fileEncoding = 4; lastKnownFileType = sourcecode.cpp.cpp; path = SimulatedCentralController.cpp; sourceTree = "<group>"; };
		287930871CDBCDCE00384D31 /* SimulatedCentralController.hpp */ = {isa = PBXFileReference; fileEncoding = 4; lastKnownFileType = sourcecode.cpp.h; path = SimulatedCentralController.hpp; sourceTree = "<group>"; };
		287930891CDBCDE900384D31 /* SimulatedClient.cpp */ = {isa = PBXFileReference; fileEncoding = 4; lastKnownFileType = sourcecode.cpp.cpp; path = SimulatedClient.cpp; sourceTree = "<group>"; };
		2879308A1CDBCDE900384D31 /* SimulatedClient.hpp */ = {isa = PBXFileReference; fileEncoding = 4; lastKnownFileType = sourcecode.cpp.h; path = SimulatedClient.hpp; sourceTree = "<group>"; };
		2879308C1CDBCDFC00384D31 /* SimulatedEdgeCloud.cpp */ = {isa = PBXFileReference; fileEncoding = 4; lastKnownFileType = sourcecode.cpp.cpp; path = SimulatedEdgeCloud.cpp; sourceTree = "<group>"; };
		2879308D1CDBCDFC00384D31 /* SimulatedEdgeCloud.hpp */ = {isa = PBXFileReference; fileEncoding = 4; lastKnownFileType = sourcecode.cpp.h; path = SimulatedEdgeCloud.hpp; sourceTree = "<group>"; };
		287930911CDE7C9000384D31 /* MobilitySimulator.cpp */ = {isa = PBXFileReference; fileEncoding = 4; lastKnownFileType = sourcecode.cpp.cpp; path = MobilitySimulator.cpp; sourceTree = "<group>"; };
		287930921CDE7C9000384D31 /* MobilitySimulator.hpp */ = {isa = PBXFileReference; fileEncoding = 4; lastKnownFileType = sourcecode.cpp.h; path = MobilitySimulator.hpp; sourceTree = "<group>"; };
		28D6F03B1CB445F4009EEE42 /* MarkovProcess */ = {isa = PBXFileReference; explicitFileType = "compiled.mach-o.executable"; includeInIndex = 0; path = MarkovProcess; sourceTree = BUILT_PRODUCTS_DIR; };
		28D6F03E1CB445F4009EEE42 /* main.cpp */ = {isa = PBXFileReference; lastKnownFileType = sourcecode.cpp.cpp; name = main.cpp; path = MarkovProcess/main.cpp; sourceTree = "<group>"; };
		28D6F0451CB44613009EEE42 /* MarkovAction.cpp */ = {isa = PBXFileReference; fileEncoding = 4; lastKnownFileType = sourcecode.cpp.cpp; name = MarkovAction.cpp; path = ../MarkovAction.cpp; sourceTree = "<group>"; };
		28D6F0461CB44613009EEE42 /* MarkovAction.hpp */ = {isa = PBXFileReference; fileEncoding = 4; lastKnownFileType = sourcecode.cpp.h; name = MarkovAction.hpp; path = ../MarkovAction.hpp; sourceTree = "<group>"; };
		28D6F0481CB4464B009EEE42 /* MarkovState.cpp */ = {isa = PBXFileReference; fileEncoding = 4; lastKnownFileType = sourcecode.cpp.cpp; name = MarkovState.cpp; path = ../MarkovState.cpp; sourceTree = "<group>"; };
		28D6F0491CB4464B009EEE42 /* MarkovState.hpp */ = {isa = PBXFileReference; fileEncoding = 4; lastKnownFileType = sourcecode.cpp.h; name = MarkovState.hpp; path = ../MarkovState.hpp; sourceTree = "<group>"; };
		28D6F04B1CB446AA009EEE42 /* MarkovProcess.cpp */ = {isa = PBXFileReference; fileEncoding = 4; lastKnownFileType = sourcecode.cpp.cpp; path = MarkovProcess.cpp; sourceTree = SOURCE_ROOT; };
		28D6F04C1CB446AA009EEE42 /* MarkovProcess.hpp */ = {isa = PBXFileReference; fileEncoding = 4; lastKnownFileType = sourcecode.cpp.h; path = MarkovProcess.hpp; sourceTree = SOURCE_ROOT; };
		28D6F04E1CB44724009EEE42 /* ValueIteration.cpp */ = {isa = PBXFileReference; fileEncoding = 4; lastKnownFileType = sourcecode.cpp.cpp; name = ValueIteration.cpp; path = ../ValueIteration.cpp; sourceTree = "<group>"; };
		28D6F04F1CB44724009EEE42 /* ValueIteration.hpp */ = {isa = PBXFileReference; fileEncoding = 4; lastKnownFileType = sourcecode.cpp.h; name = ValueIteration.hpp; path = ../ValueIteration.hpp; sourceTree = "<group>"; };
/* End PBXFileReference section */

/* Begin PBXFrameworksBuildPhase section */
		28D6F0381CB445F4009EEE42 /* Frameworks */ = {
			isa = PBXFrameworksBuildPhase;
			buildActionMask = 2147483647;
			files = (
			);
			runOnlyForDeploymentPostprocessing = 0;
		};
/* End PBXFrameworksBuildPhase section */

/* Begin PBXGroup section */
		287930901CDBCE3700384D31 /* Simulator */ = {
			isa = PBXGroup;
			children = (
				28D6F03E1CB445F4009EEE42 /* main.cpp */,
				2855FBA01CD94F53002BB9C2 /* MobilitySimulation.hpp */,
				2855FB9F1CD94F53002BB9C2 /* MobilitySimulation.cpp */,
				287930921CDE7C9000384D31 /* MobilitySimulator.hpp */,
				287930911CDE7C9000384D31 /* MobilitySimulator.cpp */,
				287930871CDBCDCE00384D31 /* SimulatedCentralController.hpp */,
				287930861CDBCDCE00384D31 /* SimulatedCentralController.cpp */,
				287930891CDBCDE900384D31 /* SimulatedClient.cpp */,
				2879308A1CDBCDE900384D31 /* SimulatedClient.hpp */,
				2879308D1CDBCDFC00384D31 /* SimulatedEdgeCloud.hpp */,
				2879308C1CDBCDFC00384D31 /* SimulatedEdgeCloud.cpp */,
			);
			name = Simulator;
			sourceTree = "<group>";
		};
		28D6F0321CB445F4009EEE42 = {
			isa = PBXGroup;
			children = (
				287930901CDBCE3700384D31 /* Simulator */,
				28D6F03D1CB445F4009EEE42 /* MarkovProcess */,
				28D6F03C1CB445F4009EEE42 /* Products */,
			);
			sourceTree = "<group>";
		};
		28D6F03C1CB445F4009EEE42 /* Products */ = {
			isa = PBXGroup;
			children = (
				28D6F03B1CB445F4009EEE42 /* MarkovProcess */,
			);
			name = Products;
			sourceTree = "<group>";
		};
		28D6F03D1CB445F4009EEE42 /* MarkovProcess */ = {
			isa = PBXGroup;
			children = (
				28D6F0451CB44613009EEE42 /* MarkovAction.cpp */,
				28D6F0461CB44613009EEE42 /* MarkovAction.hpp */,
				28D6F0491CB4464B009EEE42 /* MarkovState.hpp */,
				28D6F0481CB4464B009EEE42 /* MarkovState.cpp */,
				28D6F04B1CB446AA009EEE42 /* MarkovProcess.cpp */,
				28D6F04C1CB446AA009EEE42 /* MarkovProcess.hpp */,
				28D6F04E1CB44724009EEE42 /* ValueIteration.cpp */,
				28D6F04F1CB44724009EEE42 /* ValueIteration.hpp */,
			);
			path = MarkovProcess;
			sourceTree = "<group>";
		};
/* End PBXGroup section */

/* Begin PBXNativeTarget section */
		28D6F03A1CB445F4009EEE42 /* MarkovProcess */ = {
			isa = PBXNativeTarget;
			buildConfigurationList = 28D6F0421CB445F4009EEE42 /* Build configuration list for PBXNativeTarget "MarkovProcess" */;
			buildPhases = (
				28D6F0371CB445F4009EEE42 /* Sources */,
				28D6F0381CB445F4009EEE42 /* Frameworks */,
				28D6F0391CB445F4009EEE42 /* CopyFiles */,
			);
			buildRules = (
			);
			dependencies = (
			);
			name = MarkovProcess;
			productName = MarkovProcess;
			productReference = 28D6F03B1CB445F4009EEE42 /* MarkovProcess */;
			productType = "com.apple.product-type.tool";
		};
/* End PBXNativeTarget section */

/* Begin PBXProject section */
		28D6F0331CB445F4009EEE42 /* Project object */ = {
			isa = PBXProject;
			attributes = {
				LastUpgradeCheck = 0720;
				ORGANIZATIONNAME = Wuyang;
				TargetAttributes = {
					28D6F03A1CB445F4009EEE42 = {
						CreatedOnToolsVersion = 7.2.1;
					};
				};
			};
			buildConfigurationList = 28D6F0361CB445F4009EEE42 /* Build configuration list for PBXProject "MarkovProcess" */;
			compatibilityVersion = "Xcode 3.2";
			developmentRegion = English;
			hasScannedForEncodings = 0;
			knownRegions = (
				en,
			);
			mainGroup = 28D6F0321CB445F4009EEE42;
			productRefGroup = 28D6F03C1CB445F4009EEE42 /* Products */;
			projectDirPath = "";
			projectRoot = "";
			targets = (
				28D6F03A1CB445F4009EEE42 /* MarkovProcess */,
			);
		};
/* End PBXProject section */

/* Begin PBXSourcesBuildPhase section */
		28D6F0371CB445F4009EEE42 /* Sources */ = {
			isa = PBXSourcesBuildPhase;
			buildActionMask = 2147483647;
			files = (
				28D6F04A1CB4464B009EEE42 /* MarkovState.cpp in Sources */,
				287930931CDE7C9000384D31 /* MobilitySimulator.cpp in Sources */,
				28D6F04D1CB446AA009EEE42 /* MarkovProcess.cpp in Sources */,
				2879308E1CDBCDFC00384D31 /* SimulatedEdgeCloud.cpp in Sources */,
				28D6F03F1CB445F4009EEE42 /* main.cpp in Sources */,
				2879308B1CDBCDE900384D31 /* SimulatedClient.cpp in Sources */,
				28D6F0501CB44724009EEE42 /* ValueIteration.cpp in Sources */,
				28D6F0471CB44613009EEE42 /* MarkovAction.cpp in Sources */,
				287930881CDBCDCE00384D31 /* SimulatedCentralController.cpp in Sources */,
				2855FBA11CD94F53002BB9C2 /* MobilitySimulation.cpp in Sources */,
			);
			runOnlyForDeploymentPostprocessing = 0;
		};
/* End PBXSourcesBuildPhase section */

/* Begin XCBuildConfiguration section */
		28D6F0401CB445F4009EEE42 /* Debug */ = {
			isa = XCBuildConfiguration;
			buildSettings = {
				ALWAYS_SEARCH_USER_PATHS = NO;
				CLANG_CXX_LANGUAGE_STANDARD = "gnu++0x";
				CLANG_CXX_LIBRARY = "libc++";
				CLANG_ENABLE_MODULES = YES;
				CLANG_ENABLE_OBJC_ARC = YES;
				CLANG_WARN_BOOL_CONVERSION = YES;
				CLANG_WARN_CONSTANT_CONVERSION = YES;
				CLANG_WARN_DIRECT_OBJC_ISA_USAGE = YES_ERROR;
				CLANG_WARN_EMPTY_BODY = YES;
				CLANG_WARN_ENUM_CONVERSION = YES;
				CLANG_WARN_INT_CONVERSION = YES;
				CLANG_WARN_OBJC_ROOT_CLASS = YES_ERROR;
				CLANG_WARN_UNREACHABLE_CODE = YES;
				CLANG_WARN__DUPLICATE_METHOD_MATCH = YES;
				CODE_SIGN_IDENTITY = "-";
				COPY_PHASE_STRIP = NO;
				DEBUG_INFORMATION_FORMAT = dwarf;
				ENABLE_STRICT_OBJC_MSGSEND = YES;
				ENABLE_TESTABILITY = YES;
				GCC_C_LANGUAGE_STANDARD = gnu99;
				GCC_DYNAMIC_NO_PIC = NO;
				GCC_NO_COMMON_BLOCKS = YES;
				GCC_OPTIMIZATION_LEVEL = 0;
				GCC_PREPROCESSOR_DEFINITIONS = (
					"DEBUG=1",
					"$(inherited)",
				);
				GCC_WARN_64_TO_32_BIT_CONVERSION = YES;
				GCC_WARN_ABOUT_RETURN_TYPE = YES_ERROR;
				GCC_WARN_UNDECLARED_SELECTOR = YES;
				GCC_WARN_UNINITIALIZED_AUTOS = YES_AGGRESSIVE;
				GCC_WARN_UNUSED_FUNCTION = YES;
				GCC_WARN_UNUSED_VARIABLE = YES;
				MACOSX_DEPLOYMENT_TARGET = 10.11;
				MTL_ENABLE_DEBUG_INFO = YES;
				ONLY_ACTIVE_ARCH = YES;
				SDKROOT = macosx;
			};
			name = Debug;
		};
		28D6F0411CB445F4009EEE42 /* Release */ = {
			isa = XCBuildConfiguration;
			buildSettings = {
				ALWAYS_SEARCH_USER_PATHS = NO;
				CLANG_CXX_LANGUAGE_STANDARD = "gnu++0x";
				CLANG_CXX_LIBRARY = "libc++";
				CLANG_ENABLE_MODULES = YES;
				CLANG_ENABLE_OBJC_ARC = YES;
				CLANG_WARN_BOOL_CONVERSION = YES;
				CLANG_WARN_CONSTANT_CONVERSION = YES;
				CLANG_WARN_DIRECT_OBJC_ISA_USAGE = YES_ERROR;
				CLANG_WARN_EMPTY_BODY = YES;
				CLANG_WARN_ENUM_CONVERSION = YES;
				CLANG_WARN_INT_CONVERSION = YES;
				CLANG_WARN_OBJC_ROOT_CLASS = YES_ERROR;
				CLANG_WARN_UNREACHABLE_CODE = YES;
				CLANG_WARN__DUPLICATE_METHOD_MATCH = YES;
				CODE_SIGN_IDENTITY = "-";
				COPY_PHASE_STRIP = NO;
				DEBUG_INFORMATION_FORMAT = "dwarf-with-dsym";
				ENABLE_NS_ASSERTIONS = NO;
				ENABLE_STRICT_OBJC_MSGSEND = YES;
				GCC_C_LANGUAGE_STANDARD = gnu99;
				GCC_NO_COMMON_BLOCKS = YES;
				GCC_WARN_64_TO_32_BIT_CONVERSION = YES;
				GCC_WARN_ABOUT_RETURN_TYPE = YES_ERROR;
				GCC_WARN_UNDECLARED_SELECTOR = YES;
				GCC_WARN_UNINITIALIZED_AUTOS = YES_AGGRESSIVE;
				GCC_WARN_UNUSED_FUNCTION = YES;
				GCC_WARN_UNUSED_VARIABLE = YES;
				MACOSX_DEPLOYMENT_TARGET = 10.11;
				MTL_ENABLE_DEBUG_INFO = NO;
				SDKROOT = macosx;
			};
			name = Release;
		};
		28D6F0431CB445F4009EEE42 /* Debug */ = {
			isa = XCBuildConfiguration;
			buildSettings = {
				PRODUCT_NAME = "$(TARGET_NAME)";
			};
			name = Debug;
		};
		28D6F0441CB445F4009EEE42 /* Release */ = {
			isa = XCBuildConfiguration;
			buildSettings = {
				PRODUCT_NAME = "$(TARGET_NAME)";
			};
			name = Release;
		};
/* End XCBuildConfiguration section */

/* Begin XCConfigurationList section */
		28D6F0361CB445F4009EEE42 /* Build configuration list for PBXProject "MarkovProcess" */ = {
			isa = XCConfigurationList;
			buildConfigurations = (
				28D6F0401CB445F4009EEE42 /* Debug */,
				28D6F0411CB445F4009EEE42 /* Release */,
			);
			defaultConfigurationIsVisible = 0;
			defaultConfigurationName = Release;
		};
		28D6F0421CB445F4009EEE42 /* Build configuration list for PBXNativeTarget "MarkovProcess" */ = {
			isa = XCConfigurationList;
			buildConfigurations = (
				28D6F0431CB445F4009EEE42 /* Debug */,
				28D6F0441CB445F4009EEE42 /* Release */,
			);
			defaultConfigurationIsVisible = 0;
			defaultConfigurationName = Release;
		};
/* End XCConfigurationList section */
	};
	rootObject = 28D6F0331CB445F4009EEE42 /* Project object */;
}
